
Microsoft Visual Studio Solution File, Format Version 12.00
# Visual Studio Version 17
VisualStudioVersion = 17.4.33205.214
MinimumVisualStudioVersion = 10.0.40219.1
Project("{FAE04EC0-301F-11D3-BF4B-00C04F79EFBC}") = "Task4", "Task4\Task4.csproj", "{FA518439-EB6A-4258-946C-BDD6FD027E93}"
EndProject
Global
	GlobalSection(SolutionConfigurationPlatforms) = preSolution
		Debug|Any CPU = Debug|Any CPU
		Release|Any CPU = Release|Any CPU
	EndGlobalSection
	GlobalSection(ProjectConfigurationPlatforms) = postSolution
		{FA518439-EB6A-4258-946C-BDD6FD027E93}.Debug|Any CPU.ActiveCfg = Debug|Any CPU
		{FA518439-EB6A-4258-946C-BDD6FD027E93}.Debug|Any CPU.Build.0 = Debug|Any CPU
		{FA518439-EB6A-4258-946C-BDD6FD027E93}.Release|Any CPU.ActiveCfg = Release|Any CPU
		{FA518439-EB6A-4258-946C-BDD6FD027E93}.Release|Any CPU.Build.0 = Release|Any CPU
	EndGlobalSection
	GlobalSection(SolutionProperties) = preSolution
		HideSolutionNode = FALSE
	EndGlobalSection
	GlobalSection(ExtensibilityGlobals) = postSolution
		SolutionGuid = {6599CF5A-E0BC-4048-8153-4F1264F651BC}
	EndGlobalSection
EndGlobal
