
Microsoft Visual Studio Solution File, Format Version 12.00
# Visual Studio Version 17
VisualStudioVersion = 17.4.33205.214
MinimumVisualStudioVersion = 10.0.40219.1
Project("{FAE04EC0-301F-11D3-BF4B-00C04F79EFBC}") = "ClassTask", "ClassTask\ClassTask.csproj", "{1A629946-970A-4629-B7CD-E9D08CFB429B}"
EndProject
Global
	GlobalSection(SolutionConfigurationPlatforms) = preSolution
		Debug|Any CPU = Debug|Any CPU
		Release|Any CPU = Release|Any CPU
	EndGlobalSection
	GlobalSection(ProjectConfigurationPlatforms) = postSolution
		{1A629946-970A-4629-B7CD-E9D08CFB429B}.Debug|Any CPU.ActiveCfg = Debug|Any CPU
		{1A629946-970A-4629-B7CD-E9D08CFB429B}.Debug|Any CPU.Build.0 = Debug|Any CPU
		{1A629946-970A-4629-B7CD-E9D08CFB429B}.Release|Any CPU.ActiveCfg = Release|Any CPU
		{1A629946-970A-4629-B7CD-E9D08CFB429B}.Release|Any CPU.Build.0 = Release|Any CPU
	EndGlobalSection
	GlobalSection(SolutionProperties) = preSolution
		HideSolutionNode = FALSE
	EndGlobalSection
	GlobalSection(ExtensibilityGlobals) = postSolution
		SolutionGuid = {F001D86F-3410-47C9-B155-3F37BD924158}
	EndGlobalSection
EndGlobal
